
Microsoft Visual Studio Solution File, Format Version 12.00
# Visual Studio Version 16
VisualStudioVersion = 16.0.29519.181
MinimumVisualStudioVersion = 10.0.40219.1
Project("{FAE04EC0-301F-11D3-BF4B-00C04F79EFBC}") = "CouponManagerProject", "CouponManagerProject\CouponManagerProject.csproj", "{69254C37-D929-4B8E-B340-3862EBE34AC1}"
EndProject
Project("{FAE04EC0-301F-11D3-BF4B-00C04F79EFBC}") = "CouponManagerTest", "CouponManagerTest\CouponManagerTest.csproj", "{449123CB-37F7-4B4F-B4B4-DCE98C7FDCB4}"
EndProject
Global
	GlobalSection(SolutionConfigurationPlatforms) = preSolution
		Debug|Any CPU = Debug|Any CPU
		Release|Any CPU = Release|Any CPU
	EndGlobalSection
	GlobalSection(ProjectConfigurationPlatforms) = postSolution
		{69254C37-D929-4B8E-B340-3862EBE34AC1}.Debug|Any CPU.ActiveCfg = Debug|Any CPU
		{69254C37-D929-4B8E-B340-3862EBE34AC1}.Debug|Any CPU.Build.0 = Debug|Any CPU
		{69254C37-D929-4B8E-B340-3862EBE34AC1}.Release|Any CPU.ActiveCfg = Release|Any CPU
		{69254C37-D929-4B8E-B340-3862EBE34AC1}.Release|Any CPU.Build.0 = Release|Any CPU
		{449123CB-37F7-4B4F-B4B4-DCE98C7FDCB4}.Debug|Any CPU.ActiveCfg = Debug|Any CPU
		{449123CB-37F7-4B4F-B4B4-DCE98C7FDCB4}.Debug|Any CPU.Build.0 = Debug|Any CPU
		{449123CB-37F7-4B4F-B4B4-DCE98C7FDCB4}.Release|Any CPU.ActiveCfg = Release|Any CPU
		{449123CB-37F7-4B4F-B4B4-DCE98C7FDCB4}.Release|Any CPU.Build.0 = Release|Any CPU
	EndGlobalSection
	GlobalSection(SolutionProperties) = preSolution
		HideSolutionNode = FALSE
	EndGlobalSection
	GlobalSection(ExtensibilityGlobals) = postSolution
		SolutionGuid = {1C44E636-52A6-4608-B7DA-B32DF6C01C14}
	EndGlobalSection
EndGlobal
